// !$*UTF8*$!
{
	archiveVersion = 1;
	classes = {
	};
	objectVersion = 46;
	objects = {

/* Begin PBXBuildFile section */
		7F43E0841AEC106700B67250 /* main.m in Sources */ = {isa = PBXBuildFile; fileRef = 7F43E0831AEC106700B67250 /* main.m */; };
		7F43E0871AEC106700B67250 /* AppDelegate.m in Sources */ = {isa = PBXBuildFile; fileRef = 7F43E0861AEC106700B67250 /* AppDelegate.m */; };
		7F43E08A1AEC106700B67250 /* ViewController.m in Sources */ = {isa = PBXBuildFile; fileRef = 7F43E0891AEC106700B67250 /* ViewController.m */; };
		7F43E08D1AEC106700B67250 /* Main.storyboard in Resources */ = {isa = PBXBuildFile; fileRef = 7F43E08B1AEC106700B67250 /* Main.storyboard */; };
		7F43E08F1AEC106700B67250 /* Images.xcassets in Resources */ = {isa = PBXBuildFile; fileRef = 7F43E08E1AEC106700B67250 /* Images.xcassets */; };
		7F43E0921AEC106700B67250 /* LaunchScreen.xib in Resources */ = {isa = PBXBuildFile; fileRef = 7F43E0901AEC106700B67250 /* LaunchScreen.xib */; };
		7F43E09E1AEC106800B67250 /* MyAssessmentTests.m in Sources */ = {isa = PBXBuildFile; fileRef = 7F43E09D1AEC106800B67250 /* MyAssessmentTests.m */; };
		7F43E0A91AED796500B67250 /* SecondViewController.m in Sources */ = {isa = PBXBuildFile; fileRef = 7F43E0A81AED796500B67250 /* SecondViewController.m */; };
		7F43E0AC1AED8D9E00B67250 /* ThirdViewController.m in Sources */ = {isa = PBXBuildFile; fileRef = 7F43E0AB1AED8D9E00B67250 /* ThirdViewController.m */; };
/* End PBXBuildFile section */

/* Begin PBXContainerItemProxy section */
		7F43E0981AEC106800B67250 /* PBXContainerItemProxy */ = {
			isa = PBXContainerItemProxy;
			containerPortal = 7F43E0761AEC106700B67250 /* Project object */;
			proxyType = 1;
			remoteGlobalIDString = 7F43E07D1AEC106700B67250;
			remoteInfo = MyAssessment;
		};
/* End PBXContainerItemProxy section */

/* Begin PBXFileReference section */
		7F43E07E1AEC106700B67250 /* MyAssessment.app */ = {isa = PBXFileReference; explicitFileType = wrapper.application; includeInIndex = 0; path = MyAssessment.app; sourceTree = BUILT_PRODUCTS_DIR; };
		7F43E0821AEC106700B67250 /* Info.plist */ = {isa = PBXFileReference; lastKnownFileType = text.plist.xml; path = Info.plist; sourceTree = "<group>"; };
		7F43E0831AEC106700B67250 /* main.m */ = {isa = PBXFileReference; lastKnownFileType = sourcecode.c.objc; path = main.m; sourceTree = "<group>"; };
		7F43E0851AEC106700B67250 /* AppDelegate.h */ = {isa = PBXFileReference; lastKnownFileType = sourcecode.c.h; path = AppDelegate.h; sourceTree = "<group>"; };
		7F43E0861AEC106700B67250 /* AppDelegate.m */ = {isa = PBXFileReference; lastKnownFileType = sourcecode.c.objc; path = AppDelegate.m; sourceTree = "<group>"; };
		7F43E0881AEC106700B67250 /* ViewController.h */ = {isa = PBXFileReference; lastKnownFileType = sourcecode.c.h; path = ViewController.h; sourceTree = "<group>"; };
		7F43E0891AEC106700B67250 /* ViewController.m */ = {isa = PBXFileReference; lastKnownFileType = sourcecode.c.objc; path = ViewController.m; sourceTree = "<group>"; };
		7F43E08C1AEC106700B67250 /* Base */ = {isa = PBXFileReference; lastKnownFileType = file.storyboard; name = Base; path = Base.lproj/Main.storyboard; sourceTree = "<group>"; };
		7F43E08E1AEC106700B67250 /* Images.xcassets */ = {isa = PBXFileReference; lastKnownFileType = folder.assetcatalog; path = Images.xcassets; sourceTree = "<group>"; };
		7F43E0911AEC106700B67250 /* Base */ = {isa = PBXFileReference; lastKnownFileType = file.xib; name = Base; path = Base.lproj/LaunchScreen.xib; sourceTree = "<group>"; };
		7F43E0971AEC106800B67250 /* MyAssessmentTests.xctest */ = {isa = PBXFileReference; explicitFileType = wrapper.cfbundle; includeInIndex = 0; path = MyAssessmentTests.xctest; sourceTree = BUILT_PRODUCTS_DIR; };
		7F43E09C1AEC106800B67250 /* Info.plist */ = {isa = PBXFileReference; lastKnownFileType = text.plist.xml; path = Info.plist; sourceTree = "<group>"; };
		7F43E09D1AEC106800B67250 /* MyAssessmentTests.m */ = {isa = PBXFileReference; lastKnownFileType = sourcecode.c.objc; path = MyAssessmentTests.m; sourceTree = "<group>"; };
		7F43E0A71AED796500B67250 /* SecondViewController.h */ = {isa = PBXFileReference; fileEncoding = 4; lastKnownFileType = sourcecode.c.h; path = SecondViewController.h; sourceTree = "<group>"; };
		7F43E0A81AED796500B67250 /* SecondViewController.m */ = {isa = PBXFileReference; fileEncoding = 4; lastKnownFileType = sourcecode.c.objc; path = SecondViewController.m; sourceTree = "<group>"; };
		7F43E0AA1AED8D9E00B67250 /* ThirdViewController.h */ = {isa = PBXFileReference; fileEncoding = 4; lastKnownFileType = sourcecode.c.h; path = ThirdViewController.h; sourceTree = "<group>"; };
		7F43E0AB1AED8D9E00B67250 /* ThirdViewController.m */ = {isa = PBXFileReference; fileEncoding = 4; lastKnownFileType = sourcecode.c.objc; path = ThirdViewController.m; sourceTree = "<group>"; };
/* End PBXFileReference section */

/* Begin PBXFrameworksBuildPhase section */
		7F43E07B1AEC106700B67250 /* Frameworks */ = {
			isa = PBXFrameworksBuildPhase;
			buildActionMask = 2147483647;
			files = (
			);
			runOnlyForDeploymentPostprocessing = 0;
		};
		7F43E0941AEC106800B67250 /* Frameworks */ = {
			isa = PBXFrameworksBuildPhase;
			buildActionMask = 2147483647;
			files = (
			);
			runOnlyForDeploymentPostprocessing = 0;
		};
/* End PBXFrameworksBuildPhase section */

/* Begin PBXGroup section */
		7F43E0751AEC106700B67250 = {
			isa = PBXGroup;
			children = (
				7F43E0801AEC106700B67250 /* MyAssessment */,
				7F43E09A1AEC106800B67250 /* MyAssessmentTests */,
				7F43E07F1AEC106700B67250 /* Products */,
			);
			sourceTree = "<group>";
		};
		7F43E07F1AEC106700B67250 /* Products */ = {
			isa = PBXGroup;
			children = (
				7F43E07E1AEC106700B67250 /* MyAssessment.app */,
				7F43E0971AEC106800B67250 /* MyAssessmentTests.xctest */,
			);
			name = Products;
			sourceTree = "<group>";
		};
		7F43E0801AEC106700B67250 /* MyAssessment */ = {
			isa = PBXGroup;
			children = (
				7F43E0851AEC106700B67250 /* AppDelegate.h */,
				7F43E0861AEC106700B67250 /* AppDelegate.m */,
				7F43E0881AEC106700B67250 /* ViewController.h */,
				7F43E0891AEC106700B67250 /* ViewController.m */,
				7F43E08B1AEC106700B67250 /* Main.storyboard */,
				7F43E08E1AEC106700B67250 /* Images.xcassets */,
				7F43E0901AEC106700B67250 /* LaunchScreen.xib */,
				7F43E0811AEC106700B67250 /* Supporting Files */,
				7F43E0A71AED796500B67250 /* SecondViewController.h */,
				7F43E0A81AED796500B67250 /* SecondViewController.m */,
				7F43E0AA1AED8D9E00B67250 /* ThirdViewController.h */,
				7F43E0AB1AED8D9E00B67250 /* ThirdViewController.m */,
			);
			path = MyAssessment;
			sourceTree = "<group>";
		};
		7F43E0811AEC106700B67250 /* Supporting Files */ = {
			isa = PBXGroup;
			children = (
				7F43E0821AEC106700B67250 /* Info.plist */,
				7F43E0831AEC106700B67250 /* main.m */,
			);
			name = "Supporting Files";
			sourceTree = "<group>";
		};
		7F43E09A1AEC106800B67250 /* MyAssessmentTests */ = {
			isa = PBXGroup;
			children = (
				7F43E09D1AEC106800B67250 /* MyAssessmentTests.m */,
				7F43E09B1AEC106800B67250 /* Supporting Files */,
			);
			path = MyAssessmentTests;
			sourceTree = "<group>";
		};
		7F43E09B1AEC106800B67250 /* Supporting Files */ = {
			isa = PBXGroup;
			children = (
				7F43E09C1AEC106800B67250 /* Info.plist */,
			);
			name = "Supporting Files";
			sourceTree = "<group>";
		};
/* End PBXGroup section */

/* Begin PBXNativeTarget section */
		7F43E07D1AEC106700B67250 /* MyAssessment */ = {
			isa = PBXNativeTarget;
			buildConfigurationList = 7F43E0A11AEC106800B67250 /* Build configuration list for PBXNativeTarget "MyAssessment" */;
			buildPhases = (
				7F43E07A1AEC106700B67250 /* Sources */,
				7F43E07B1AEC106700B67250 /* Frameworks */,
				7F43E07C1AEC106700B67250 /* Resources */,
			);
			buildRules = (
			);
			dependencies = (
			);
			name = MyAssessment;
			productName = MyAssessment;
			productReference = 7F43E07E1AEC106700B67250 /* MyAssessment.app */;
			productType = "com.apple.product-type.application";
		};
		7F43E0961AEC106800B67250 /* MyAssessmentTests */ = {
			isa = PBXNativeTarget;
			buildConfigurationList = 7F43E0A41AEC106800B67250 /* Build configuration list for PBXNativeTarget "MyAssessmentTests" */;
			buildPhases = (
				7F43E0931AEC106800B67250 /* Sources */,
				7F43E0941AEC106800B67250 /* Frameworks */,
				7F43E0951AEC106800B67250 /* Resources */,
			);
			buildRules = (
			);
			dependencies = (
				7F43E0991AEC106800B67250 /* PBXTargetDependency */,
			);
			name = MyAssessmentTests;
			productName = MyAssessmentTests;
			productReference = 7F43E0971AEC106800B67250 /* MyAssessmentTests.xctest */;
			productType = "com.apple.product-type.bundle.unit-test";
		};
/* End PBXNativeTarget section */

/* Begin PBXProject section */
		7F43E0761AEC106700B67250 /* Project object */ = {
			isa = PBXProject;
			attributes = {
				LastUpgradeCheck = 0630;
				ORGANIZATIONNAME = "IdeaRack Studios";
				TargetAttributes = {
					7F43E07D1AEC106700B67250 = {
						CreatedOnToolsVersion = 6.3;
					};
					7F43E0961AEC106800B67250 = {
						CreatedOnToolsVersion = 6.3;
						TestTargetID = 7F43E07D1AEC106700B67250;
					};
				};
			};
			buildConfigurationList = 7F43E0791AEC106700B67250 /* Build configuration list for PBXProject "MyAssessment" */;
			compatibilityVersion = "Xcode 3.2";
			developmentRegion = English;
			hasScannedForEncodings = 0;
			knownRegions = (
				en,
				Base,
			);
			mainGroup = 7F43E0751AEC106700B67250;
			productRefGroup = 7F43E07F1AEC106700B67250 /* Products */;
			projectDirPath = "";
			projectRoot = "";
			targets = (
				7F43E07D1AEC106700B67250 /* MyAssessment */,
				7F43E0961AEC106800B67250 /* MyAssessmentTests */,
			);
		};
/* End PBXProject section */

/* Begin PBXResourcesBuildPhase section */
		7F43E07C1AEC106700B67250 /* Resources */ = {
			isa = PBXResourcesBuildPhase;
			buildActionMask = 2147483647;
			files = (
				7F43E08D1AEC106700B67250 /* Main.storyboard in Resources */,
				7F43E0921AEC106700B67250 /* LaunchScreen.xib in Resources */,
				7F43E08F1AEC106700B67250 /* Images.xcassets in Resources */,
			);
			runOnlyForDeploymentPostprocessing = 0;
		};
		7F43E0951AEC106800B67250 /* Resources */ = {
			isa = PBXResourcesBuildPhase;
			buildActionMask = 2147483647;
			files = (
			);
			runOnlyForDeploymentPostprocessing = 0;
		};
/* End PBXResourcesBuildPhase section */

/* Begin PBXSourcesBuildPhase section */
		7F43E07A1AEC106700B67250 /* Sources */ = {
			isa = PBXSourcesBuildPhase;
			buildActionMask = 2147483647;
			files = (
				7F43E0A91AED796500B67250 /* SecondViewController.m in Sources */,
				7F43E0AC1AED8D9E00B67250 /* ThirdViewController.m in Sources */,
				7F43E08A1AEC106700B67250 /* ViewController.m in Sources */,
				7F43E0871AEC106700B67250 /* AppDelegate.m in Sources */,
				7F43E0841AEC106700B67250 /* main.m in Sources */,
			);
			runOnlyForDeploymentPostprocessing = 0;
		};
		7F43E0931AEC106800B67250 /* Sources */ = {
			isa = PBXSourcesBuildPhase;
			buildActionMask = 2147483647;
			files = (
				7F43E09E1AEC106800B67250 /* MyAssessmentTests.m in Sources */,
			);
			runOnlyForDeploymentPostprocessing = 0;
		};
/* End PBXSourcesBuildPhase section */

/* Begin PBXTargetDependency section */
		7F43E0991AEC106800B67250 /* PBXTargetDependency */ = {
			isa = PBXTargetDependency;
			target = 7F43E07D1AEC106700B67250 /* MyAssessment */;
			targetProxy = 7F43E0981AEC106800B67250 /* PBXContainerItemProxy */;
		};
/* End PBXTargetDependency section */

/* Begin PBXVariantGroup section */
		7F43E08B1AEC106700B67250 /* Main.storyboard */ = {
			isa = PBXVariantGroup;
			children = (
				7F43E08C1AEC106700B67250 /* Base */,
			);
			name = Main.storyboard;
			sourceTree = "<group>";
		};
		7F43E0901AEC106700B67250 /* LaunchScreen.xib */ = {
			isa = PBXVariantGroup;
			children = (
				7F43E0911AEC106700B67250 /* Base */,
			);
			name = LaunchScreen.xib;
			sourceTree = "<group>";
		};
/* End PBXVariantGroup section */

/* Begin XCBuildConfiguration section */
		7F43E09F1AEC106800B67250 /* Debug */ = {
			isa = XCBuildConfiguration;
			buildSettings = {
				ALWAYS_SEARCH_USER_PATHS = NO;
				CLANG_CXX_LANGUAGE_STANDARD = "gnu++0x";
				CLANG_CXX_LIBRARY = "libc++";
				CLANG_ENABLE_MODULES = YES;
				CLANG_ENABLE_OBJC_ARC = YES;
				CLANG_WARN_BOOL_CONVERSION = YES;
				CLANG_WARN_CONSTANT_CONVERSION = YES;
				CLANG_WARN_DIRECT_OBJC_ISA_USAGE = YES_ERROR;
				CLANG_WARN_EMPTY_BODY = YES;
				CLANG_WARN_ENUM_CONVERSION = YES;
				CLANG_WARN_INT_CONVERSION = YES;
				CLANG_WARN_OBJC_ROOT_CLASS = YES_ERROR;
				CLANG_WARN_UNREACHABLE_CODE = YES;
				CLANG_WARN__DUPLICATE_METHOD_MATCH = YES;
				"CODE_SIGN_IDENTITY[sdk=iphoneos*]" = "iPhone Developer";
				COPY_PHASE_STRIP = NO;
				DEBUG_INFORMATION_FORMAT = "dwarf-with-dsym";
				ENABLE_STRICT_OBJC_MSGSEND = YES;
				GCC_C_LANGUAGE_STANDARD = gnu99;
				GCC_DYNAMIC_NO_PIC = NO;
				GCC_NO_COMMON_BLOCKS = YES;
				GCC_OPTIMIZATION_LEVEL = 0;
				GCC_PREPROCESSOR_DEFINITIONS = (
					"DEBUG=1",
					"$(inherited)",
				);
				GCC_SYMBOLS_PRIVATE_EXTERN = NO;
				GCC_WARN_64_TO_32_BIT_CONVERSION = YES;
				GCC_WARN_ABOUT_RETURN_TYPE = YES_ERROR;
				GCC_WARN_UNDECLARED_SELECTOR = YES;
				GCC_WARN_UNINITIALIZED_AUTOS = YES_AGGRESSIVE;
				GCC_WARN_UNUSED_FUNCTION = YES;
				GCC_WARN_UNUSED_VARIABLE = YES;
				IPHONEOS_DEPLOYMENT_TARGET = 8.3;
				MTL_ENABLE_DEBUG_INFO = YES;
				ONLY_ACTIVE_ARCH = YES;
				SDKROOT = iphoneos;
				TARGETED_DEVICE_FAMILY = "1,2";
			};
			name = Debug;
		};
		7F43E0A01AEC106800B67250 /* Release */ = {
			isa = XCBuildConfiguration;
			buildSettings = {
				ALWAYS_SEARCH_USER_PATHS = NO;
				CLANG_CXX_LANGUAGE_STANDARD = "gnu++0x";
				CLANG_CXX_LIBRARY = "libc++";
				CLANG_ENABLE_MODULES = YES;
				CLANG_ENABLE_OBJC_ARC = YES;
				CLANG_WARN_BOOL_CONVERSION = YES;
				CLANG_WARN_CONSTANT_CONVERSION = YES;
				CLANG_WARN_DIRECT_OBJC_ISA_USAGE = YES_ERROR;
				CLANG_WARN_EMPTY_BODY = YES;
				CLANG_WARN_ENUM_CONVERSION = YES;
				CLANG_WARN_INT_CONVERSION = YES;
				CLANG_WARN_OBJC_ROOT_CLASS = YES_ERROR;
				CLANG_WARN_UNREACHABLE_CODE = YES;
				CLANG_WARN__DUPLICATE_METHOD_MATCH = YES;
				"CODE_SIGN_IDENTITY[sdk=iphoneos*]" = "iPhone Developer";
				COPY_PHASE_STRIP = NO;
				DEBUG_INFORMATION_FORMAT = "dwarf-with-dsym";
				ENABLE_NS_ASSERTIONS = NO;
				ENABLE_STRICT_OBJC_MSGSEND = YES;
				GCC_C_LANGUAGE_STANDARD = gnu99;
				GCC_NO_COMMON_BLOCKS = YES;
				GCC_WARN_64_TO_32_BIT_CONVERSION = YES;
				GCC_WARN_ABOUT_RETURN_TYPE = YES_ERROR;
				GCC_WARN_UNDECLARED_SELECTOR = YES;
				GCC_WARN_UNINITIALIZED_AUTOS = YES_AGGRESSIVE;
				GCC_WARN_UNUSED_FUNCTION = YES;
				GCC_WARN_UNUSED_VARIABLE = YES;
				IPHONEOS_DEPLOYMENT_TARGET = 8.3;
				MTL_ENABLE_DEBUG_INFO = NO;
				SDKROOT = iphoneos;
				TARGETED_DEVICE_FAMILY = "1,2";
				VALIDATE_PRODUCT = YES;
			};
			name = Release;
		};
		7F43E0A21AEC106800B67250 /* Debug */ = {
			isa = XCBuildConfiguration;
			buildSettings = {
				ASSETCATALOG_COMPILER_APPICON_NAME = AppIcon;
				INFOPLIST_FILE = MyAssessment/Info.plist;
				LD_RUNPATH_SEARCH_PATHS = "$(inherited) @executable_path/Frameworks";
				PRODUCT_NAME = "$(TARGET_NAME)";
			};
			name = Debug;
		};
		7F43E0A31AEC106800B67250 /* Release */ = {
			isa = XCBuildConfiguration;
			buildSettings = {
				ASSETCATALOG_COMPILER_APPICON_NAME = AppIcon;
				INFOPLIST_FILE = MyAssessment/Info.plist;
				LD_RUNPATH_SEARCH_PATHS = "$(inherited) @executable_path/Frameworks";
				PRODUCT_NAME = "$(TARGET_NAME)";
			};
			name = Release;
		};
		7F43E0A51AEC106800B67250 /* Debug */ = {
			isa = XCBuildConfiguration;
			buildSettings = {
				BUNDLE_LOADER = "$(TEST_HOST)";
				FRAMEWORK_SEARCH_PATHS = (
					"$(SDKROOT)/Developer/Library/Frameworks",
					"$(inherited)",
				);
				GCC_PREPROCESSOR_DEFINITIONS = (
					"DEBUG=1",
					"$(inherited)",
				);
				INFOPLIST_FILE = MyAssessmentTests/Info.plist;
				LD_RUNPATH_SEARCH_PATHS = "$(inherited) @executable_path/Frameworks @loader_path/Frameworks";
				PRODUCT_NAME = "$(TARGET_NAME)";
				TEST_HOST = "$(BUILT_PRODUCTS_DIR)/MyAssessment.app/MyAssessment";
			};
			name = Debug;
		};
		7F43E0A61AEC106800B67250 /* Release */ = {
			isa = XCBuildConfiguration;
			buildSettings = {
				BUNDLE_LOADER = "$(TEST_HOST)";
				FRAMEWORK_SEARCH_PATHS = (
					"$(SDKROOT)/Developer/Library/Frameworks",
					"$(inherited)",
				);
				INFOPLIST_FILE = MyAssessmentTests/Info.plist;
				LD_RUNPATH_SEARCH_PATHS = "$(inherited) @executable_path/Frameworks @loader_path/Frameworks";
				PRODUCT_NAME = "$(TARGET_NAME)";
				TEST_HOST = "$(BUILT_PRODUCTS_DIR)/MyAssessment.app/MyAssessment";
			};
			name = Release;
		};
/* End XCBuildConfiguration section */

/* Begin XCConfigurationList section */
		7F43E0791AEC106700B67250 /* Build configuration list for PBXProject "MyAssessment" */ = {
			isa = XCConfigurationList;
			buildConfigurations = (
				7F43E09F1AEC106800B67250 /* Debug */,
				7F43E0A01AEC106800B67250 /* Release */,
			);
			defaultConfigurationIsVisible = 0;
			defaultConfigurationName = Release;
		};
		7F43E0A11AEC106800B67250 /* Build configuration list for PBXNativeTarget "MyAssessment" */ = {
			isa = XCConfigurationList;
			buildConfigurations = (
				7F43E0A21AEC106800B67250 /* Debug */,
				7F43E0A31AEC106800B67250 /* Release */,
			);
			defaultConfigurationIsVisible = 0;
		};
		7F43E0A41AEC106800B67250 /* Build configuration list for PBXNativeTarget "MyAssessmentTests" */ = {
			isa = XCConfigurationList;
			buildConfigurations = (
				7F43E0A51AEC106800B67250 /* Debug */,
				7F43E0A61AEC106800B67250 /* Release */,
			);
			defaultConfigurationIsVisible = 0;
		};
/* End XCConfigurationList section */
	};
	rootObject = 7F43E0761AEC106700B67250 /* Project object */;
}
